
Microsoft Visual Studio Solution File, Format Version 12.00
# Visual Studio Version 17
VisualStudioVersion = 17.8.34330.188
MinimumVisualStudioVersion = 10.0.40219.1
Project("{FAE04EC0-301F-11D3-BF4B-00C04F79EFBC}") = "FurnitureDepot", "FurnitureDepot.csproj", "{7E3695D2-AC00-482D-83F7-578C10EB3954}"
EndProject
Global
	GlobalSection(SolutionConfigurationPlatforms) = preSolution
		Debug|Any CPU = Debug|Any CPU
		Release|Any CPU = Release|Any CPU
	EndGlobalSection
	GlobalSection(ProjectConfigurationPlatforms) = postSolution
		{7E3695D2-AC00-482D-83F7-578C10EB3954}.Debug|Any CPU.ActiveCfg = Debug|Any CPU
		{7E3695D2-AC00-482D-83F7-578C10EB3954}.Debug|Any CPU.Build.0 = Debug|Any CPU
		{7E3695D2-AC00-482D-83F7-578C10EB3954}.Release|Any CPU.ActiveCfg = Release|Any CPU
		{7E3695D2-AC00-482D-83F7-578C10EB3954}.Release|Any CPU.Build.0 = Release|Any CPU
	EndGlobalSection
	GlobalSection(SolutionProperties) = preSolution
		HideSolutionNode = FALSE
	EndGlobalSection
	GlobalSection(ExtensibilityGlobals) = postSolution
		SolutionGuid = {B2B70C07-43D4-4A61-94B2-A33EF09F2C17}
	EndGlobalSection
EndGlobal
